Microsoft Visual Studio Solution File, Format Version 11.00
# Visual Studio 2008

Project("{87258C86-DE49-5D27-B44D-A21316EEF676}") = "Oscuridad", "Assembly-CSharp.csproj", "{5493296A-956C-2BDF-4B77-C7B0B8E5F620}"
EndProject
Global
	GlobalSection(SolutionConfigurationPlatforms) = preSolution
		Debug|Any CPU = Debug|Any CPU
		Release|Any CPU = Release|Any CPU
	EndGlobalSection
	GlobalSection(ProjectConfigurationPlatforms) = postSolution
		{5493296A-956C-2BDF-4B77-C7B0B8E5F620}.Debug|Any CPU.ActiveCfg = Debug|Any CPU
		{5493296A-956C-2BDF-4B77-C7B0B8E5F620}.Debug|Any CPU.Build.0 = Debug|Any CPU
		{5493296A-956C-2BDF-4B77-C7B0B8E5F620}.Release|Any CPU.ActiveCfg = Release|Any CPU
		{5493296A-956C-2BDF-4B77-C7B0B8E5F620}.Release|Any CPU.Build.0 = Release|Any CPU
	EndGlobalSection
	GlobalSection(SolutionProperties) = preSolution
		HideSolutionNode = FALSE
	EndGlobalSection
											GlobalSection(MonoDevelopProperties) = preSolution
		StartupItem = Assembly-CSharp.csproj
		Policies = $0
		$0.TextStylePolicy = $1
		$1.inheritsSet = null
		$1.scope = text/x-csharp
		$0.CSharpFormattingPolicy = $2
		$2.inheritsSet = Mono
		$2.inheritsScope = text/x-csharp
		$2.scope = text/x-csharp
		$0.TextStylePolicy = $3
		$3.FileWidth = 120
		$3.TabWidth = 4
		$3.EolMarker = Unix
		$3.inheritsSet = Mono
		$3.inheritsScope = text/plain
		$3.scope = text/plain
		GlobalSection(MonoDevelopProperties) = preSolution
		GlobalSection(MonoDevelopProperties) = preSolution
		GlobalSection(MonoDevelopProperties) = preSolution
		GlobalSection(MonoDevelopProperties) = preSolution
		GlobalSection(MonoDevelopProperties) = preSolution
	EndGlobalSection

EndGlobal
